
Microsoft Visual Studio Solution File, Format Version 12.00
# Visual Studio 15
VisualStudioVersion = 15.0.27130.2036
MinimumVisualStudioVersion = 10.0.40219.1
Project("{FAE04EC0-301F-11D3-BF4B-00C04F79EFBC}") = "WebAPI", "WebAPI\WebAPI.csproj", "{57AC08C4-BF2E-41EA-A179-88C375D6D2BF}"
	ProjectSection(ProjectDependencies) = postProject
		{C6BBF70B-468E-4EF2-A4FA-4028212343A1} = {C6BBF70B-468E-4EF2-A4FA-4028212343A1}
		{766EED44-F19D-4BA4-AE75-FFD666D48066} = {766EED44-F19D-4BA4-AE75-FFD666D48066}
		{7264576F-0E49-4B34-8D91-9F43EEADD777} = {7264576F-0E49-4B34-8D91-9F43EEADD777}
		{B3539DA2-9C83-47F4-BE30-DF49F932BF20} = {B3539DA2-9C83-47F4-BE30-DF49F932BF20}
		{8FD45DE8-ADFA-4705-9E6F-DA5A748C5C30} = {8FD45DE8-ADFA-4705-9E6F-DA5A748C5C30}
	EndProjectSection
EndProject
Project("{FAE04EC0-301F-11D3-BF4B-00C04F79EFBC}") = "WebDesktop40", "WebDesktop40\WebDesktop40.csproj", "{0D43FC69-1C02-4289-84EC-1CFDDE415FAE}"
EndProject
Project("{FAE04EC0-301F-11D3-BF4B-00C04F79EFBC}") = "WangJun.YunNote", "WangJun.YunNote\WangJun.YunNote.csproj", "{766EED44-F19D-4BA4-AE75-FFD666D48066}"
EndProject
Project("{FAE04EC0-301F-11D3-BF4B-00C04F79EFBC}") = "WangJun.YunProject", "WangJun.YunProject\WangJun.YunProject.csproj", "{8FD45DE8-ADFA-4705-9E6F-DA5A748C5C30}"
EndProject
Project("{FAE04EC0-301F-11D3-BF4B-00C04F79EFBC}") = "WangJun.YunPan", "WangJun.YunPan\WangJun.YunPan.csproj", "{7264576F-0E49-4B34-8D91-9F43EEADD777}"
EndProject
Project("{FAE04EC0-301F-11D3-BF4B-00C04F79EFBC}") = "WangJun.Config", "WangJun.Config\WangJun.Config.csproj", "{EEBD1F1F-3DCD-4329-87BE-AC4C7DF19348}"
EndProject
Project("{2150E333-8FDC-42A3-9474-1A3956D46DE8}") = "04个性业务", "04个性业务", "{5555E47C-6247-48B7-B99A-6811E40E337A}"
EndProject
Project("{2150E333-8FDC-42A3-9474-1A3956D46DE8}") = "02基础服务", "02基础服务", "{18F9E736-69E0-4D87-A0F6-2308020BB1AE}"
EndProject
Project("{2150E333-8FDC-42A3-9474-1A3956D46DE8}") = "05界面", "05界面", "{9B1F39CB-D80C-4267-96ED-122F5C24D20F}"
EndProject
Project("{2150E333-8FDC-42A3-9474-1A3956D46DE8}") = "01Web接口", "01Web接口", "{90A66FBD-A29E-45EB-87E9-CF180319474A}"
EndProject
Project("{FAE04EC0-301F-11D3-BF4B-00C04F79EFBC}") = "WangJun.YunNews", "WangJun.YunNews\WangJun.YunNews.csproj", "{B3539DA2-9C83-47F4-BE30-DF49F932BF20}"
EndProject
Project("{FAE04EC0-301F-11D3-BF4B-00C04F79EFBC}") = "WangJun.YunQun", "WangJun.YunQun\WangJun.YunQun.csproj", "{C6BBF70B-468E-4EF2-A4FA-4028212343A1}"
EndProject
Project("{FAE04EC0-301F-11D3-BF4B-00C04F79EFBC}") = "WangJun.Admin", "WangJun.Admin\WangJun.Admin.csproj", "{4F722223-AC4D-4085-A348-6942A2650F54}"
EndProject
Project("{FAE04EC0-301F-11D3-BF4B-00C04F79EFBC}") = "WangJun.YunDoc", "WangJun.YunDoc\WangJun.YunDoc.csproj", "{07BBCCBA-1328-4704-ABC0-03B5CC40A828}"
EndProject
Project("{FAE04EC0-301F-11D3-BF4B-00C04F79EFBC}") = "WangJun.Utility", "WangJun.Utility\WangJun.Utility.csproj", "{ECA8641B-DDB9-481A-BF78-76FB5A8E1DE3}"
EndProject
Project("{FAE04EC0-301F-11D3-BF4B-00C04F79EFBC}") = "WangJun.Net", "WangJun.Net\WangJun.Net.csproj", "{D7B3F2F3-86A9-4196-A050-BE22F530BBF4}"
EndProject
Project("{FAE04EC0-301F-11D3-BF4B-00C04F79EFBC}") = "WangJun.Entity", "WangJun.Entity\WangJun.Entity.csproj", "{9B69D6EB-AFDB-47E3-816C-67EEA53B7784}"
EndProject
Project("{FAE04EC0-301F-11D3-BF4B-00C04F79EFBC}") = "WangJun.DB", "WangJun.DB\WangJun.DB.csproj", "{A0BEDC3E-2B61-4027-BD4B-FDAB0DF38659}"
EndProject
Project("{2150E333-8FDC-42A3-9474-1A3956D46DE8}") = "后台进程", "后台进程", "{C830E6A6-0C2E-452F-942D-169D96411699}"
EndProject
Project("{FAE04EC0-301F-11D3-BF4B-00C04F79EFBC}") = "WangJun.HostApp", "WangJun.HostApp\WangJun.HostApp.csproj", "{37465B25-C1D4-4186-91EE-F8DA8BAD381F}"
EndProject
Project("{2150E333-8FDC-42A3-9474-1A3956D46DE8}") = "人工智能", "人工智能", "{28851D91-8EBC-49AB-A874-2F4FC3F0A118}"
EndProject
Project("{FAE04EC0-301F-11D3-BF4B-00C04F79EFBC}") = "WangJun.DataSource", "WangJun.DataSource\WangJun.DataSource.csproj", "{40D9086B-9808-423D-973D-F0005EA5F361}"
EndProject
Project("{2150E333-8FDC-42A3-9474-1A3956D46DE8}") = "数据源", "数据源", "{4881DC0A-A9C0-4875-B752-44205F28B1F8}"
EndProject
Project("{FAE04EC0-301F-11D3-BF4B-00C04F79EFBC}") = "WangJun.AI", "WangJun.AI\WangJun.AI.csproj", "{5A7CC1A8-74C0-49F8-968B-514FFD44F9F7}"
EndProject
Project("{FAE04EC0-301F-11D3-BF4B-00C04F79EFBC}") = "WangJun.Stock", "WangJun.Stock\WangJun.Stock.csproj", "{74DAF2BC-771A-4AB1-B0A8-684A8B7C8B87}"
EndProject
Project("{2150E333-8FDC-42A3-9474-1A3956D46DE8}") = "股票外汇", "股票外汇", "{E835D155-6F55-4068-8BBC-BA838BBABFD8}"
EndProject
Project("{FAE04EC0-301F-11D3-BF4B-00C04F79EFBC}") = "WangJun.StockHostApp", "WangJun.StockHostApp\WangJun.StockHostApp.csproj", "{6C73578A-19D9-46C6-8C0F-F104108DE47A}"
EndProject
Project("{FAE04EC0-301F-11D3-BF4B-00C04F79EFBC}") = "WangJun.HTML", "WangJun.HTML\WangJun.HTML.csproj", "{6FB8EFF3-A36C-49C1-8B07-FBDC336209A4}"
EndProject
Project("{FAE04EC0-301F-11D3-BF4B-00C04F79EFBC}") = "WangJun.Forex", "WangJun.Forex\WangJun.Forex.csproj", "{73163FC7-2F4A-4BB2-94F5-32CE7BAA7889}"
EndProject
Project("{FAE04EC0-301F-11D3-BF4B-00C04F79EFBC}") = "WangJun.ForexHostApp", "WangJun.ForexHostApp\WangJun.ForexHostApp.csproj", "{3FD2EB16-B99E-47DE-A3B1-AB3BEEEA47A7}"
EndProject
Project("{FAE04EC0-301F-11D3-BF4B-00C04F79EFBC}") = "WangJun.EntityHostApp", "WangJun.EntityHostApp\WangJun.EntityHostApp.csproj", "{DBAD12E9-5094-4207-88B2-867E45F0399F}"
EndProject
Project("{FAE04EC0-301F-11D3-BF4B-00C04F79EFBC}") = "WangJun.YunArticle", "WangJun.YunArticle\WangJun.YunArticle.csproj", "{BFB774BA-B7FA-4F7A-B76B-6392DC59A95D}"
EndProject
Project("{FAE04EC0-301F-11D3-BF4B-00C04F79EFBC}") = "WangJun.YunComment", "WangJun.YunComment\WangJun.YunComment.csproj", "{63287879-30D9-4521-8F98-C1B6E02ED1BC}"
EndProject
Project("{2150E333-8FDC-42A3-9474-1A3956D46DE8}") = "03基础业务", "03基础业务", "{243E6D41-CC02-410B-9442-3BD60541242E}"
EndProject
Project("{FAE04EC0-301F-11D3-BF4B-00C04F79EFBC}") = "WangJun.YunForm", "WangJun.YunForm\WangJun.YunForm.csproj", "{2759C752-F9A1-47D2-93BA-FE833D34456B}"
EndProject
Project("{FAE04EC0-301F-11D3-BF4B-00C04F79EFBC}") = "WangJun.YunWorkflow", "WangJun.YunWorkflow\WangJun.YunWorkflow.csproj", "{4DF49011-C8CD-428E-BA42-1C96420AD5EF}"
EndProject
Project("{FAE04EC0-301F-11D3-BF4B-00C04F79EFBC}") = "WangJun.YunFile", "WangJun.YunFile\WangJun.YunFile.csproj", "{528C7FAC-DF7E-466B-9430-BC429ED24937}"
EndProject
Project("{FAE04EC0-301F-11D3-BF4B-00C04F79EFBC}") = "WangJun.YunAI", "WangJun.YunAI\WangJun.YunAI.csproj", "{86B21657-90C5-4073-9B11-83DE31B93320}"
EndProject
Project("{FAE04EC0-301F-11D3-BF4B-00C04F79EFBC}") = "WangJun.YunUser", "WangJun.YunUser\WangJun.YunUser.csproj", "{934BC61E-4A2C-4046-AF08-4D5D0AFFF7A3}"
EndProject
Project("{FAE04EC0-301F-11D3-BF4B-00C04F79EFBC}") = "WangJun.YunCategory", "WangJun.YunCategory\WangJun.YunCategory.csproj", "{F41364E7-C71B-438C-B257-F9FB741D4570}"
EndProject
Project("{FAE04EC0-301F-11D3-BF4B-00C04F79EFBC}") = "WangJun.YunCompany", "WangJun.YunCompany\WangJun.YunCompany.csproj", "{9455D8E8-7DD4-4E03-A6BA-8C2F54601516}"
EndProject
Project("{FAE04EC0-301F-11D3-BF4B-00C04F79EFBC}") = "WangJun.YunBehavior", "WangJun.YunBehavior\WangJun.YunBehavior.csproj", "{406418CE-1274-4268-AFC3-F9510499BD18}"
EndProject
Project("{FAE04EC0-301F-11D3-BF4B-00C04F79EFBC}") = "WangJun.YunUserAPI", "WangJun.YunUserAPI\WangJun.YunUserAPI.csproj", "{88850BB5-28F8-4F6F-9AEE-61D9637F396D}"
EndProject
Project("{FAE04EC0-301F-11D3-BF4B-00C04F79EFBC}") = "WangJun.YunWebAPI", "WangJun.YunWebAPI\WangJun.YunWebAPI.csproj", "{AB28A8F1-0D15-4E57-B272-4712435BC1D4}"
EndProject
Global
	GlobalSection(SolutionConfigurationPlatforms) = preSolution
		Debug|Any CPU = Debug|Any CPU
		Release|Any CPU = Release|Any CPU
	EndGlobalSection
	GlobalSection(ProjectConfigurationPlatforms) = postSolution
		{57AC08C4-BF2E-41EA-A179-88C375D6D2BF}.Debug|Any CPU.ActiveCfg = Debug|Any CPU
		{57AC08C4-BF2E-41EA-A179-88C375D6D2BF}.Debug|Any CPU.Build.0 = Debug|Any CPU
		{57AC08C4-BF2E-41EA-A179-88C375D6D2BF}.Release|Any CPU.ActiveCfg = Release|Any CPU
		{57AC08C4-BF2E-41EA-A179-88C375D6D2BF}.Release|Any CPU.Build.0 = Release|Any CPU
		{0D43FC69-1C02-4289-84EC-1CFDDE415FAE}.Debug|Any CPU.ActiveCfg = Debug|Any CPU
		{0D43FC69-1C02-4289-84EC-1CFDDE415FAE}.Debug|Any CPU.Build.0 = Debug|Any CPU
		{0D43FC69-1C02-4289-84EC-1CFDDE415FAE}.Release|Any CPU.ActiveCfg = Release|Any CPU
		{0D43FC69-1C02-4289-84EC-1CFDDE415FAE}.Release|Any CPU.Build.0 = Release|Any CPU
		{766EED44-F19D-4BA4-AE75-FFD666D48066}.Debug|Any CPU.ActiveCfg = Debug|Any CPU
		{766EED44-F19D-4BA4-AE75-FFD666D48066}.Debug|Any CPU.Build.0 = Debug|Any CPU
		{766EED44-F19D-4BA4-AE75-FFD666D48066}.Release|Any CPU.ActiveCfg = Release|Any CPU
		{766EED44-F19D-4BA4-AE75-FFD666D48066}.Release|Any CPU.Build.0 = Release|Any CPU
		{8FD45DE8-ADFA-4705-9E6F-DA5A748C5C30}.Debug|Any CPU.ActiveCfg = Debug|Any CPU
		{8FD45DE8-ADFA-4705-9E6F-DA5A748C5C30}.Debug|Any CPU.Build.0 = Debug|Any CPU
		{8FD45DE8-ADFA-4705-9E6F-DA5A748C5C30}.Release|Any CPU.ActiveCfg = Release|Any CPU
		{8FD45DE8-ADFA-4705-9E6F-DA5A748C5C30}.Release|Any CPU.Build.0 = Release|Any CPU
		{7264576F-0E49-4B34-8D91-9F43EEADD777}.Debug|Any CPU.ActiveCfg = Debug|Any CPU
		{7264576F-0E49-4B34-8D91-9F43EEADD777}.Debug|Any CPU.Build.0 = Debug|Any CPU
		{7264576F-0E49-4B34-8D91-9F43EEADD777}.Release|Any CPU.ActiveCfg = Release|Any CPU
		{7264576F-0E49-4B34-8D91-9F43EEADD777}.Release|Any CPU.Build.0 = Release|Any CPU
		{EEBD1F1F-3DCD-4329-87BE-AC4C7DF19348}.Debug|Any CPU.ActiveCfg = Debug|Any CPU
		{EEBD1F1F-3DCD-4329-87BE-AC4C7DF19348}.Debug|Any CPU.Build.0 = Debug|Any CPU
		{EEBD1F1F-3DCD-4329-87BE-AC4C7DF19348}.Release|Any CPU.ActiveCfg = Release|Any CPU
		{EEBD1F1F-3DCD-4329-87BE-AC4C7DF19348}.Release|Any CPU.Build.0 = Release|Any CPU
		{B3539DA2-9C83-47F4-BE30-DF49F932BF20}.Debug|Any CPU.ActiveCfg = Debug|Any CPU
		{B3539DA2-9C83-47F4-BE30-DF49F932BF20}.Debug|Any CPU.Build.0 = Debug|Any CPU
		{B3539DA2-9C83-47F4-BE30-DF49F932BF20}.Release|Any CPU.ActiveCfg = Release|Any CPU
		{B3539DA2-9C83-47F4-BE30-DF49F932BF20}.Release|Any CPU.Build.0 = Release|Any CPU
		{C6BBF70B-468E-4EF2-A4FA-4028212343A1}.Debug|Any CPU.ActiveCfg = Debug|Any CPU
		{C6BBF70B-468E-4EF2-A4FA-4028212343A1}.Debug|Any CPU.Build.0 = Debug|Any CPU
		{C6BBF70B-468E-4EF2-A4FA-4028212343A1}.Release|Any CPU.ActiveCfg = Release|Any CPU
		{C6BBF70B-468E-4EF2-A4FA-4028212343A1}.Release|Any CPU.Build.0 = Release|Any CPU
		{4F722223-AC4D-4085-A348-6942A2650F54}.Debug|Any CPU.ActiveCfg = Debug|Any CPU
		{4F722223-AC4D-4085-A348-6942A2650F54}.Debug|Any CPU.Build.0 = Debug|Any CPU
		{4F722223-AC4D-4085-A348-6942A2650F54}.Release|Any CPU.ActiveCfg = Release|Any CPU
		{4F722223-AC4D-4085-A348-6942A2650F54}.Release|Any CPU.Build.0 = Release|Any CPU
		{07BBCCBA-1328-4704-ABC0-03B5CC40A828}.Debug|Any CPU.ActiveCfg = Debug|Any CPU
		{07BBCCBA-1328-4704-ABC0-03B5CC40A828}.Debug|Any CPU.Build.0 = Debug|Any CPU
		{07BBCCBA-1328-4704-ABC0-03B5CC40A828}.Release|Any CPU.ActiveCfg = Release|Any CPU
		{07BBCCBA-1328-4704-ABC0-03B5CC40A828}.Release|Any CPU.Build.0 = Release|Any CPU
		{ECA8641B-DDB9-481A-BF78-76FB5A8E1DE3}.Debug|Any CPU.ActiveCfg = Debug|Any CPU
		{ECA8641B-DDB9-481A-BF78-76FB5A8E1DE3}.Debug|Any CPU.Build.0 = Debug|Any CPU
		{ECA8641B-DDB9-481A-BF78-76FB5A8E1DE3}.Release|Any CPU.ActiveCfg = Release|Any CPU
		{ECA8641B-DDB9-481A-BF78-76FB5A8E1DE3}.Release|Any CPU.Build.0 = Release|Any CPU
		{D7B3F2F3-86A9-4196-A050-BE22F530BBF4}.Debug|Any CPU.ActiveCfg = Debug|Any CPU
		{D7B3F2F3-86A9-4196-A050-BE22F530BBF4}.Debug|Any CPU.Build.0 = Debug|Any CPU
		{D7B3F2F3-86A9-4196-A050-BE22F530BBF4}.Release|Any CPU.ActiveCfg = Release|Any CPU
		{D7B3F2F3-86A9-4196-A050-BE22F530BBF4}.Release|Any CPU.Build.0 = Release|Any CPU
		{9B69D6EB-AFDB-47E3-816C-67EEA53B7784}.Debug|Any CPU.ActiveCfg = Debug|Any CPU
		{9B69D6EB-AFDB-47E3-816C-67EEA53B7784}.Debug|Any CPU.Build.0 = Debug|Any CPU
		{9B69D6EB-AFDB-47E3-816C-67EEA53B7784}.Release|Any CPU.ActiveCfg = Release|Any CPU
		{9B69D6EB-AFDB-47E3-816C-67EEA53B7784}.Release|Any CPU.Build.0 = Release|Any CPU
		{A0BEDC3E-2B61-4027-BD4B-FDAB0DF38659}.Debug|Any CPU.ActiveCfg = Debug|Any CPU
		{A0BEDC3E-2B61-4027-BD4B-FDAB0DF38659}.Debug|Any CPU.Build.0 = Debug|Any CPU
		{A0BEDC3E-2B61-4027-BD4B-FDAB0DF38659}.Release|Any CPU.ActiveCfg = Release|Any CPU
		{A0BEDC3E-2B61-4027-BD4B-FDAB0DF38659}.Release|Any CPU.Build.0 = Release|Any CPU
		{37465B25-C1D4-4186-91EE-F8DA8BAD381F}.Debug|Any CPU.ActiveCfg = Debug|Any CPU
		{37465B25-C1D4-4186-91EE-F8DA8BAD381F}.Debug|Any CPU.Build.0 = Debug|Any CPU
		{37465B25-C1D4-4186-91EE-F8DA8BAD381F}.Release|Any CPU.ActiveCfg = Release|Any CPU
		{37465B25-C1D4-4186-91EE-F8DA8BAD381F}.Release|Any CPU.Build.0 = Release|Any CPU
		{40D9086B-9808-423D-973D-F0005EA5F361}.Debug|Any CPU.ActiveCfg = Debug|Any CPU
		{40D9086B-9808-423D-973D-F0005EA5F361}.Debug|Any CPU.Build.0 = Debug|Any CPU
		{40D9086B-9808-423D-973D-F0005EA5F361}.Release|Any CPU.ActiveCfg = Release|Any CPU
		{40D9086B-9808-423D-973D-F0005EA5F361}.Release|Any CPU.Build.0 = Release|Any CPU
		{5A7CC1A8-74C0-49F8-968B-514FFD44F9F7}.Debug|Any CPU.ActiveCfg = Debug|Any CPU
		{5A7CC1A8-74C0-49F8-968B-514FFD44F9F7}.Debug|Any CPU.Build.0 = Debug|Any CPU
		{5A7CC1A8-74C0-49F8-968B-514FFD44F9F7}.Release|Any CPU.ActiveCfg = Release|Any CPU
		{5A7CC1A8-74C0-49F8-968B-514FFD44F9F7}.Release|Any CPU.Build.0 = Release|Any CPU
		{74DAF2BC-771A-4AB1-B0A8-684A8B7C8B87}.Debug|Any CPU.ActiveCfg = Debug|Any CPU
		{74DAF2BC-771A-4AB1-B0A8-684A8B7C8B87}.Debug|Any CPU.Build.0 = Debug|Any CPU
		{74DAF2BC-771A-4AB1-B0A8-684A8B7C8B87}.Release|Any CPU.ActiveCfg = Release|Any CPU
		{74DAF2BC-771A-4AB1-B0A8-684A8B7C8B87}.Release|Any CPU.Build.0 = Release|Any CPU
		{6C73578A-19D9-46C6-8C0F-F104108DE47A}.Debug|Any CPU.ActiveCfg = Debug|Any CPU
		{6C73578A-19D9-46C6-8C0F-F104108DE47A}.Debug|Any CPU.Build.0 = Debug|Any CPU
		{6C73578A-19D9-46C6-8C0F-F104108DE47A}.Release|Any CPU.ActiveCfg = Release|Any CPU
		{6C73578A-19D9-46C6-8C0F-F104108DE47A}.Release|Any CPU.Build.0 = Release|Any CPU
		{6FB8EFF3-A36C-49C1-8B07-FBDC336209A4}.Debug|Any CPU.ActiveCfg = Debug|Any CPU
		{6FB8EFF3-A36C-49C1-8B07-FBDC336209A4}.Debug|Any CPU.Build.0 = Debug|Any CPU
		{6FB8EFF3-A36C-49C1-8B07-FBDC336209A4}.Release|Any CPU.ActiveCfg = Release|Any CPU
		{6FB8EFF3-A36C-49C1-8B07-FBDC336209A4}.Release|Any CPU.Build.0 = Release|Any CPU
		{73163FC7-2F4A-4BB2-94F5-32CE7BAA7889}.Debug|Any CPU.ActiveCfg = Debug|Any CPU
		{73163FC7-2F4A-4BB2-94F5-32CE7BAA7889}.Debug|Any CPU.Build.0 = Debug|Any CPU
		{73163FC7-2F4A-4BB2-94F5-32CE7BAA7889}.Release|Any CPU.ActiveCfg = Release|Any CPU
		{73163FC7-2F4A-4BB2-94F5-32CE7BAA7889}.Release|Any CPU.Build.0 = Release|Any CPU
		{3FD2EB16-B99E-47DE-A3B1-AB3BEEEA47A7}.Debug|Any CPU.ActiveCfg = Debug|Any CPU
		{3FD2EB16-B99E-47DE-A3B1-AB3BEEEA47A7}.Debug|Any CPU.Build.0 = Debug|Any CPU
		{3FD2EB16-B99E-47DE-A3B1-AB3BEEEA47A7}.Release|Any CPU.ActiveCfg = Release|Any CPU
		{3FD2EB16-B99E-47DE-A3B1-AB3BEEEA47A7}.Release|Any CPU.Build.0 = Release|Any CPU
		{DBAD12E9-5094-4207-88B2-867E45F0399F}.Debug|Any CPU.ActiveCfg = Debug|Any CPU
		{DBAD12E9-5094-4207-88B2-867E45F0399F}.Debug|Any CPU.Build.0 = Debug|Any CPU
		{DBAD12E9-5094-4207-88B2-867E45F0399F}.Release|Any CPU.ActiveCfg = Release|Any CPU
		{DBAD12E9-5094-4207-88B2-867E45F0399F}.Release|Any CPU.Build.0 = Release|Any CPU
		{BFB774BA-B7FA-4F7A-B76B-6392DC59A95D}.Debug|Any CPU.ActiveCfg = Debug|Any CPU
		{BFB774BA-B7FA-4F7A-B76B-6392DC59A95D}.Debug|Any CPU.Build.0 = Debug|Any CPU
		{BFB774BA-B7FA-4F7A-B76B-6392DC59A95D}.Release|Any CPU.ActiveCfg = Release|Any CPU
		{BFB774BA-B7FA-4F7A-B76B-6392DC59A95D}.Release|Any CPU.Build.0 = Release|Any CPU
		{63287879-30D9-4521-8F98-C1B6E02ED1BC}.Debug|Any CPU.ActiveCfg = Debug|Any CPU
		{63287879-30D9-4521-8F98-C1B6E02ED1BC}.Debug|Any CPU.Build.0 = Debug|Any CPU
		{63287879-30D9-4521-8F98-C1B6E02ED1BC}.Release|Any CPU.ActiveCfg = Release|Any CPU
		{63287879-30D9-4521-8F98-C1B6E02ED1BC}.Release|Any CPU.Build.0 = Release|Any CPU
		{2759C752-F9A1-47D2-93BA-FE833D34456B}.Debug|Any CPU.ActiveCfg = Debug|Any CPU
		{2759C752-F9A1-47D2-93BA-FE833D34456B}.Debug|Any CPU.Build.0 = Debug|Any CPU
		{2759C752-F9A1-47D2-93BA-FE833D34456B}.Release|Any CPU.ActiveCfg = Release|Any CPU
		{2759C752-F9A1-47D2-93BA-FE833D34456B}.Release|Any CPU.Build.0 = Release|Any CPU
		{4DF49011-C8CD-428E-BA42-1C96420AD5EF}.Debug|Any CPU.ActiveCfg = Debug|Any CPU
		{4DF49011-C8CD-428E-BA42-1C96420AD5EF}.Debug|Any CPU.Build.0 = Debug|Any CPU
		{4DF49011-C8CD-428E-BA42-1C96420AD5EF}.Release|Any CPU.ActiveCfg = Release|Any CPU
		{4DF49011-C8CD-428E-BA42-1C96420AD5EF}.Release|Any CPU.Build.0 = Release|Any CPU
		{528C7FAC-DF7E-466B-9430-BC429ED24937}.Debug|Any CPU.ActiveCfg = Debug|Any CPU
		{528C7FAC-DF7E-466B-9430-BC429ED24937}.Debug|Any CPU.Build.0 = Debug|Any CPU
		{528C7FAC-DF7E-466B-9430-BC429ED24937}.Release|Any CPU.ActiveCfg = Release|Any CPU
		{528C7FAC-DF7E-466B-9430-BC429ED24937}.Release|Any CPU.Build.0 = Release|Any CPU
		{86B21657-90C5-4073-9B11-83DE31B93320}.Debug|Any CPU.ActiveCfg = Debug|Any CPU
		{86B21657-90C5-4073-9B11-83DE31B93320}.Debug|Any CPU.Build.0 = Debug|Any CPU
		{86B21657-90C5-4073-9B11-83DE31B93320}.Release|Any CPU.ActiveCfg = Release|Any CPU
		{86B21657-90C5-4073-9B11-83DE31B93320}.Release|Any CPU.Build.0 = Release|Any CPU
		{934BC61E-4A2C-4046-AF08-4D5D0AFFF7A3}.Debug|Any CPU.ActiveCfg = Debug|Any CPU
		{934BC61E-4A2C-4046-AF08-4D5D0AFFF7A3}.Debug|Any CPU.Build.0 = Debug|Any CPU
		{934BC61E-4A2C-4046-AF08-4D5D0AFFF7A3}.Release|Any CPU.ActiveCfg = Release|Any CPU
		{934BC61E-4A2C-4046-AF08-4D5D0AFFF7A3}.Release|Any CPU.Build.0 = Release|Any CPU
		{F41364E7-C71B-438C-B257-F9FB741D4570}.Debug|Any CPU.ActiveCfg = Debug|Any CPU
		{F41364E7-C71B-438C-B257-F9FB741D4570}.Debug|Any CPU.Build.0 = Debug|Any CPU
		{F41364E7-C71B-438C-B257-F9FB741D4570}.Release|Any CPU.ActiveCfg = Release|Any CPU
		{F41364E7-C71B-438C-B257-F9FB741D4570}.Release|Any CPU.Build.0 = Release|Any CPU
		{9455D8E8-7DD4-4E03-A6BA-8C2F54601516}.Debug|Any CPU.ActiveCfg = Debug|Any CPU
		{9455D8E8-7DD4-4E03-A6BA-8C2F54601516}.Debug|Any CPU.Build.0 = Debug|Any CPU
		{9455D8E8-7DD4-4E03-A6BA-8C2F54601516}.Release|Any CPU.ActiveCfg = Release|Any CPU
		{9455D8E8-7DD4-4E03-A6BA-8C2F54601516}.Release|Any CPU.Build.0 = Release|Any CPU
		{406418CE-1274-4268-AFC3-F9510499BD18}.Debug|Any CPU.ActiveCfg = Debug|Any CPU
		{406418CE-1274-4268-AFC3-F9510499BD18}.Debug|Any CPU.Build.0 = Debug|Any CPU
		{406418CE-1274-4268-AFC3-F9510499BD18}.Release|Any CPU.ActiveCfg = Release|Any CPU
		{406418CE-1274-4268-AFC3-F9510499BD18}.Release|Any CPU.Build.0 = Release|Any CPU
		{88850BB5-28F8-4F6F-9AEE-61D9637F396D}.Debug|Any CPU.ActiveCfg = Debug|Any CPU
		{88850BB5-28F8-4F6F-9AEE-61D9637F396D}.Debug|Any CPU.Build.0 = Debug|Any CPU
		{88850BB5-28F8-4F6F-9AEE-61D9637F396D}.Release|Any CPU.ActiveCfg = Release|Any CPU
		{88850BB5-28F8-4F6F-9AEE-61D9637F396D}.Release|Any CPU.Build.0 = Release|Any CPU
		{AB28A8F1-0D15-4E57-B272-4712435BC1D4}.Debug|Any CPU.ActiveCfg = Debug|Any CPU
		{AB28A8F1-0D15-4E57-B272-4712435BC1D4}.Debug|Any CPU.Build.0 = Debug|Any CPU
		{AB28A8F1-0D15-4E57-B272-4712435BC1D4}.Release|Any CPU.ActiveCfg = Release|Any CPU
		{AB28A8F1-0D15-4E57-B272-4712435BC1D4}.Release|Any CPU.Build.0 = Release|Any CPU
	EndGlobalSection
	GlobalSection(SolutionProperties) = preSolution
		HideSolutionNode = FALSE
	EndGlobalSection
	GlobalSection(NestedProjects) = preSolution
		{57AC08C4-BF2E-41EA-A179-88C375D6D2BF} = {90A66FBD-A29E-45EB-87E9-CF180319474A}
		{0D43FC69-1C02-4289-84EC-1CFDDE415FAE} = {9B1F39CB-D80C-4267-96ED-122F5C24D20F}
		{766EED44-F19D-4BA4-AE75-FFD666D48066} = {5555E47C-6247-48B7-B99A-6811E40E337A}
		{8FD45DE8-ADFA-4705-9E6F-DA5A748C5C30} = {5555E47C-6247-48B7-B99A-6811E40E337A}
		{7264576F-0E49-4B34-8D91-9F43EEADD777} = {5555E47C-6247-48B7-B99A-6811E40E337A}
		{EEBD1F1F-3DCD-4329-87BE-AC4C7DF19348} = {18F9E736-69E0-4D87-A0F6-2308020BB1AE}
		{B3539DA2-9C83-47F4-BE30-DF49F932BF20} = {5555E47C-6247-48B7-B99A-6811E40E337A}
		{C6BBF70B-468E-4EF2-A4FA-4028212343A1} = {5555E47C-6247-48B7-B99A-6811E40E337A}
		{4F722223-AC4D-4085-A348-6942A2650F54} = {5555E47C-6247-48B7-B99A-6811E40E337A}
		{07BBCCBA-1328-4704-ABC0-03B5CC40A828} = {5555E47C-6247-48B7-B99A-6811E40E337A}
		{ECA8641B-DDB9-481A-BF78-76FB5A8E1DE3} = {18F9E736-69E0-4D87-A0F6-2308020BB1AE}
		{D7B3F2F3-86A9-4196-A050-BE22F530BBF4} = {18F9E736-69E0-4D87-A0F6-2308020BB1AE}
		{9B69D6EB-AFDB-47E3-816C-67EEA53B7784} = {18F9E736-69E0-4D87-A0F6-2308020BB1AE}
		{A0BEDC3E-2B61-4027-BD4B-FDAB0DF38659} = {18F9E736-69E0-4D87-A0F6-2308020BB1AE}
		{37465B25-C1D4-4186-91EE-F8DA8BAD381F} = {C830E6A6-0C2E-452F-942D-169D96411699}
		{40D9086B-9808-423D-973D-F0005EA5F361} = {4881DC0A-A9C0-4875-B752-44205F28B1F8}
		{5A7CC1A8-74C0-49F8-968B-514FFD44F9F7} = {28851D91-8EBC-49AB-A874-2F4FC3F0A118}
		{74DAF2BC-771A-4AB1-B0A8-684A8B7C8B87} = {E835D155-6F55-4068-8BBC-BA838BBABFD8}
		{6C73578A-19D9-46C6-8C0F-F104108DE47A} = {E835D155-6F55-4068-8BBC-BA838BBABFD8}
		{6FB8EFF3-A36C-49C1-8B07-FBDC336209A4} = {5555E47C-6247-48B7-B99A-6811E40E337A}
		{73163FC7-2F4A-4BB2-94F5-32CE7BAA7889} = {E835D155-6F55-4068-8BBC-BA838BBABFD8}
		{3FD2EB16-B99E-47DE-A3B1-AB3BEEEA47A7} = {E835D155-6F55-4068-8BBC-BA838BBABFD8}
		{DBAD12E9-5094-4207-88B2-867E45F0399F} = {C830E6A6-0C2E-452F-942D-169D96411699}
		{BFB774BA-B7FA-4F7A-B76B-6392DC59A95D} = {243E6D41-CC02-410B-9442-3BD60541242E}
		{63287879-30D9-4521-8F98-C1B6E02ED1BC} = {243E6D41-CC02-410B-9442-3BD60541242E}
		{2759C752-F9A1-47D2-93BA-FE833D34456B} = {243E6D41-CC02-410B-9442-3BD60541242E}
		{4DF49011-C8CD-428E-BA42-1C96420AD5EF} = {243E6D41-CC02-410B-9442-3BD60541242E}
		{528C7FAC-DF7E-466B-9430-BC429ED24937} = {243E6D41-CC02-410B-9442-3BD60541242E}
		{86B21657-90C5-4073-9B11-83DE31B93320} = {243E6D41-CC02-410B-9442-3BD60541242E}
		{934BC61E-4A2C-4046-AF08-4D5D0AFFF7A3} = {243E6D41-CC02-410B-9442-3BD60541242E}
		{F41364E7-C71B-438C-B257-F9FB741D4570} = {243E6D41-CC02-410B-9442-3BD60541242E}
		{9455D8E8-7DD4-4E03-A6BA-8C2F54601516} = {243E6D41-CC02-410B-9442-3BD60541242E}
		{406418CE-1274-4268-AFC3-F9510499BD18} = {243E6D41-CC02-410B-9442-3BD60541242E}
		{88850BB5-28F8-4F6F-9AEE-61D9637F396D} = {5555E47C-6247-48B7-B99A-6811E40E337A}
		{AB28A8F1-0D15-4E57-B272-4712435BC1D4} = {5555E47C-6247-48B7-B99A-6811E40E337A}
	EndGlobalSection
	GlobalSection(ExtensibilityGlobals) = postSolution
		SolutionGuid = {89E2C04D-C976-481B-8A8F-BBCE924EEC49}
	EndGlobalSection
EndGlobal
