
Microsoft Visual Studio Solution File, Format Version 12.00
# Visual Studio 15
VisualStudioVersion = 15.0.27130.2036
MinimumVisualStudioVersion = 10.0.40219.1
Project("{FAE04EC0-301F-11D3-BF4B-00C04F79EFBC}") = "WebAPI", "WebAPI\WebAPI.csproj", "{57AC08C4-BF2E-41EA-A179-88C375D6D2BF}"
EndProject
Project("{FAE04EC0-301F-11D3-BF4B-00C04F79EFBC}") = "WebDesktop40", "WebDesktop40\WebDesktop40.csproj", "{0D43FC69-1C02-4289-84EC-1CFDDE415FAE}"
EndProject
Project("{FAE04EC0-301F-11D3-BF4B-00C04F79EFBC}") = "WangJun.Config", "WangJun.Config\WangJun.Config.csproj", "{EEBD1F1F-3DCD-4329-87BE-AC4C7DF19348}"
EndProject
Project("{2150E333-8FDC-42A3-9474-1A3956D46DE8}") = "04个性业务", "04个性业务", "{5555E47C-6247-48B7-B99A-6811E40E337A}"
EndProject
Project("{2150E333-8FDC-42A3-9474-1A3956D46DE8}") = "02基础服务", "02基础服务", "{18F9E736-69E0-4D87-A0F6-2308020BB1AE}"
EndProject
Project("{2150E333-8FDC-42A3-9474-1A3956D46DE8}") = "05界面", "05界面", "{9B1F39CB-D80C-4267-96ED-122F5C24D20F}"
EndProject
Project("{2150E333-8FDC-42A3-9474-1A3956D46DE8}") = "01Web接口", "01Web接口", "{90A66FBD-A29E-45EB-87E9-CF180319474A}"
EndProject
Project("{FAE04EC0-301F-11D3-BF4B-00C04F79EFBC}") = "WangJun.Admin", "WangJun.Admin\WangJun.Admin.csproj", "{4F722223-AC4D-4085-A348-6942A2650F54}"
EndProject
Project("{FAE04EC0-301F-11D3-BF4B-00C04F79EFBC}") = "WangJun.Utility", "WangJun.Utility\WangJun.Utility.csproj", "{ECA8641B-DDB9-481A-BF78-76FB5A8E1DE3}"
EndProject
Project("{FAE04EC0-301F-11D3-BF4B-00C04F79EFBC}") = "WangJun.Net", "WangJun.Net\WangJun.Net.csproj", "{D7B3F2F3-86A9-4196-A050-BE22F530BBF4}"
EndProject
Project("{FAE04EC0-301F-11D3-BF4B-00C04F79EFBC}") = "WangJun.Entity", "WangJun.Entity\WangJun.Entity.csproj", "{9B69D6EB-AFDB-47E3-816C-67EEA53B7784}"
EndProject
Project("{FAE04EC0-301F-11D3-BF4B-00C04F79EFBC}") = "WangJun.DB", "WangJun.DB\WangJun.DB.csproj", "{A0BEDC3E-2B61-4027-BD4B-FDAB0DF38659}"
EndProject
Project("{2150E333-8FDC-42A3-9474-1A3956D46DE8}") = "后台进程", "后台进程", "{C830E6A6-0C2E-452F-942D-169D96411699}"
EndProject
Project("{FAE04EC0-301F-11D3-BF4B-00C04F79EFBC}") = "WangJun.HostApp", "WangJun.HostApp\WangJun.HostApp.csproj", "{37465B25-C1D4-4186-91EE-F8DA8BAD381F}"
EndProject
Project("{2150E333-8FDC-42A3-9474-1A3956D46DE8}") = "人工智能", "人工智能", "{28851D91-8EBC-49AB-A874-2F4FC3F0A118}"
EndProject
Project("{FAE04EC0-301F-11D3-BF4B-00C04F79EFBC}") = "WangJun.DataSource", "WangJun.DataSource\WangJun.DataSource.csproj", "{40D9086B-9808-423D-973D-F0005EA5F361}"
EndProject
Project("{2150E333-8FDC-42A3-9474-1A3956D46DE8}") = "数据源", "数据源", "{4881DC0A-A9C0-4875-B752-44205F28B1F8}"
EndProject
Project("{FAE04EC0-301F-11D3-BF4B-00C04F79EFBC}") = "WangJun.AI", "WangJun.AI\WangJun.AI.csproj", "{5A7CC1A8-74C0-49F8-968B-514FFD44F9F7}"
EndProject
Project("{FAE04EC0-301F-11D3-BF4B-00C04F79EFBC}") = "WangJun.Stock", "WangJun.Stock\WangJun.Stock.csproj", "{74DAF2BC-771A-4AB1-B0A8-684A8B7C8B87}"
EndProject
Project("{2150E333-8FDC-42A3-9474-1A3956D46DE8}") = "股票外汇", "股票外汇", "{E835D155-6F55-4068-8BBC-BA838BBABFD8}"
EndProject
Project("{FAE04EC0-301F-11D3-BF4B-00C04F79EFBC}") = "WangJun.StockHostApp", "WangJun.StockHostApp\WangJun.StockHostApp.csproj", "{6C73578A-19D9-46C6-8C0F-F104108DE47A}"
EndProject
Project("{FAE04EC0-301F-11D3-BF4B-00C04F79EFBC}") = "WangJun.HTML", "WangJun.HTML\WangJun.HTML.csproj", "{6FB8EFF3-A36C-49C1-8B07-FBDC336209A4}"
EndProject
Project("{FAE04EC0-301F-11D3-BF4B-00C04F79EFBC}") = "WangJun.Forex", "WangJun.Forex\WangJun.Forex.csproj", "{73163FC7-2F4A-4BB2-94F5-32CE7BAA7889}"
EndProject
Project("{FAE04EC0-301F-11D3-BF4B-00C04F79EFBC}") = "WangJun.ForexHostApp", "WangJun.ForexHostApp\WangJun.ForexHostApp.csproj", "{3FD2EB16-B99E-47DE-A3B1-AB3BEEEA47A7}"
EndProject
Project("{FAE04EC0-301F-11D3-BF4B-00C04F79EFBC}") = "WangJun.EntityHostApp", "WangJun.EntityHostApp\WangJun.EntityHostApp.csproj", "{DBAD12E9-5094-4207-88B2-867E45F0399F}"
EndProject
Project("{2150E333-8FDC-42A3-9474-1A3956D46DE8}") = "03基础业务", "03基础业务", "{243E6D41-CC02-410B-9442-3BD60541242E}"
EndProject
Project("{FAE04EC0-301F-11D3-BF4B-00C04F79EFBC}") = "WangJun.YunAI", "WangJun.YunAI\WangJun.YunAI.csproj", "{86B21657-90C5-4073-9B11-83DE31B93320}"
EndProject
Project("{FAE04EC0-301F-11D3-BF4B-00C04F79EFBC}") = "WangJun.YunWebAPI", "WangJun.YunWebAPI\WangJun.YunWebAPI.csproj", "{AB28A8F1-0D15-4E57-B272-4712435BC1D4}"
EndProject
Project("{FAE04EC0-301F-11D3-BF4B-00C04F79EFBC}") = "WangJun.YunBaseBiz", "WangJun.YunBaseBiz\WangJun.YunBaseBiz.csproj", "{6C036AE2-3629-4856-914A-9D724C45F691}"
EndProject
Global
	GlobalSection(SolutionConfigurationPlatforms) = preSolution
		Debug|Any CPU = Debug|Any CPU
		Release|Any CPU = Release|Any CPU
	EndGlobalSection
	GlobalSection(ProjectConfigurationPlatforms) = postSolution
		{57AC08C4-BF2E-41EA-A179-88C375D6D2BF}.Debug|Any CPU.ActiveCfg = Debug|Any CPU
		{57AC08C4-BF2E-41EA-A179-88C375D6D2BF}.Debug|Any CPU.Build.0 = Debug|Any CPU
		{57AC08C4-BF2E-41EA-A179-88C375D6D2BF}.Release|Any CPU.ActiveCfg = Release|Any CPU
		{57AC08C4-BF2E-41EA-A179-88C375D6D2BF}.Release|Any CPU.Build.0 = Release|Any CPU
		{0D43FC69-1C02-4289-84EC-1CFDDE415FAE}.Debug|Any CPU.ActiveCfg = Debug|Any CPU
		{0D43FC69-1C02-4289-84EC-1CFDDE415FAE}.Debug|Any CPU.Build.0 = Debug|Any CPU
		{0D43FC69-1C02-4289-84EC-1CFDDE415FAE}.Release|Any CPU.ActiveCfg = Release|Any CPU
		{0D43FC69-1C02-4289-84EC-1CFDDE415FAE}.Release|Any CPU.Build.0 = Release|Any CPU
		{EEBD1F1F-3DCD-4329-87BE-AC4C7DF19348}.Debug|Any CPU.ActiveCfg = Debug|Any CPU
		{EEBD1F1F-3DCD-4329-87BE-AC4C7DF19348}.Debug|Any CPU.Build.0 = Debug|Any CPU
		{EEBD1F1F-3DCD-4329-87BE-AC4C7DF19348}.Release|Any CPU.ActiveCfg = Release|Any CPU
		{EEBD1F1F-3DCD-4329-87BE-AC4C7DF19348}.Release|Any CPU.Build.0 = Release|Any CPU
		{4F722223-AC4D-4085-A348-6942A2650F54}.Debug|Any CPU.ActiveCfg = Debug|Any CPU
		{4F722223-AC4D-4085-A348-6942A2650F54}.Debug|Any CPU.Build.0 = Debug|Any CPU
		{4F722223-AC4D-4085-A348-6942A2650F54}.Release|Any CPU.ActiveCfg = Release|Any CPU
		{4F722223-AC4D-4085-A348-6942A2650F54}.Release|Any CPU.Build.0 = Release|Any CPU
		{ECA8641B-DDB9-481A-BF78-76FB5A8E1DE3}.Debug|Any CPU.ActiveCfg = Debug|Any CPU
		{ECA8641B-DDB9-481A-BF78-76FB5A8E1DE3}.Debug|Any CPU.Build.0 = Debug|Any CPU
		{ECA8641B-DDB9-481A-BF78-76FB5A8E1DE3}.Release|Any CPU.ActiveCfg = Release|Any CPU
		{ECA8641B-DDB9-481A-BF78-76FB5A8E1DE3}.Release|Any CPU.Build.0 = Release|Any CPU
		{D7B3F2F3-86A9-4196-A050-BE22F530BBF4}.Debug|Any CPU.ActiveCfg = Debug|Any CPU
		{D7B3F2F3-86A9-4196-A050-BE22F530BBF4}.Debug|Any CPU.Build.0 = Debug|Any CPU
		{D7B3F2F3-86A9-4196-A050-BE22F530BBF4}.Release|Any CPU.ActiveCfg = Release|Any CPU
		{D7B3F2F3-86A9-4196-A050-BE22F530BBF4}.Release|Any CPU.Build.0 = Release|Any CPU
		{9B69D6EB-AFDB-47E3-816C-67EEA53B7784}.Debug|Any CPU.ActiveCfg = Debug|Any CPU
		{9B69D6EB-AFDB-47E3-816C-67EEA53B7784}.Debug|Any CPU.Build.0 = Debug|Any CPU
		{9B69D6EB-AFDB-47E3-816C-67EEA53B7784}.Release|Any CPU.ActiveCfg = Release|Any CPU
		{9B69D6EB-AFDB-47E3-816C-67EEA53B7784}.Release|Any CPU.Build.0 = Release|Any CPU
		{A0BEDC3E-2B61-4027-BD4B-FDAB0DF38659}.Debug|Any CPU.ActiveCfg = Debug|Any CPU
		{A0BEDC3E-2B61-4027-BD4B-FDAB0DF38659}.Debug|Any CPU.Build.0 = Debug|Any CPU
		{A0BEDC3E-2B61-4027-BD4B-FDAB0DF38659}.Release|Any CPU.ActiveCfg = Release|Any CPU
		{A0BEDC3E-2B61-4027-BD4B-FDAB0DF38659}.Release|Any CPU.Build.0 = Release|Any CPU
		{37465B25-C1D4-4186-91EE-F8DA8BAD381F}.Debug|Any CPU.ActiveCfg = Debug|Any CPU
		{37465B25-C1D4-4186-91EE-F8DA8BAD381F}.Debug|Any CPU.Build.0 = Debug|Any CPU
		{37465B25-C1D4-4186-91EE-F8DA8BAD381F}.Release|Any CPU.ActiveCfg = Release|Any CPU
		{37465B25-C1D4-4186-91EE-F8DA8BAD381F}.Release|Any CPU.Build.0 = Release|Any CPU
		{40D9086B-9808-423D-973D-F0005EA5F361}.Debug|Any CPU.ActiveCfg = Debug|Any CPU
		{40D9086B-9808-423D-973D-F0005EA5F361}.Debug|Any CPU.Build.0 = Debug|Any CPU
		{40D9086B-9808-423D-973D-F0005EA5F361}.Release|Any CPU.ActiveCfg = Release|Any CPU
		{40D9086B-9808-423D-973D-F0005EA5F361}.Release|Any CPU.Build.0 = Release|Any CPU
		{5A7CC1A8-74C0-49F8-968B-514FFD44F9F7}.Debug|Any CPU.ActiveCfg = Debug|Any CPU
		{5A7CC1A8-74C0-49F8-968B-514FFD44F9F7}.Debug|Any CPU.Build.0 = Debug|Any CPU
		{5A7CC1A8-74C0-49F8-968B-514FFD44F9F7}.Release|Any CPU.ActiveCfg = Release|Any CPU
		{5A7CC1A8-74C0-49F8-968B-514FFD44F9F7}.Release|Any CPU.Build.0 = Release|Any CPU
		{74DAF2BC-771A-4AB1-B0A8-684A8B7C8B87}.Debug|Any CPU.ActiveCfg = Debug|Any CPU
		{74DAF2BC-771A-4AB1-B0A8-684A8B7C8B87}.Debug|Any CPU.Build.0 = Debug|Any CPU
		{74DAF2BC-771A-4AB1-B0A8-684A8B7C8B87}.Release|Any CPU.ActiveCfg = Release|Any CPU
		{74DAF2BC-771A-4AB1-B0A8-684A8B7C8B87}.Release|Any CPU.Build.0 = Release|Any CPU
		{6C73578A-19D9-46C6-8C0F-F104108DE47A}.Debug|Any CPU.ActiveCfg = Debug|Any CPU
		{6C73578A-19D9-46C6-8C0F-F104108DE47A}.Debug|Any CPU.Build.0 = Debug|Any CPU
		{6C73578A-19D9-46C6-8C0F-F104108DE47A}.Release|Any CPU.ActiveCfg = Release|Any CPU
		{6C73578A-19D9-46C6-8C0F-F104108DE47A}.Release|Any CPU.Build.0 = Release|Any CPU
		{6FB8EFF3-A36C-49C1-8B07-FBDC336209A4}.Debug|Any CPU.ActiveCfg = Debug|Any CPU
		{6FB8EFF3-A36C-49C1-8B07-FBDC336209A4}.Debug|Any CPU.Build.0 = Debug|Any CPU
		{6FB8EFF3-A36C-49C1-8B07-FBDC336209A4}.Release|Any CPU.ActiveCfg = Release|Any CPU
		{6FB8EFF3-A36C-49C1-8B07-FBDC336209A4}.Release|Any CPU.Build.0 = Release|Any CPU
		{73163FC7-2F4A-4BB2-94F5-32CE7BAA7889}.Debug|Any CPU.ActiveCfg = Debug|Any CPU
		{73163FC7-2F4A-4BB2-94F5-32CE7BAA7889}.Debug|Any CPU.Build.0 = Debug|Any CPU
		{73163FC7-2F4A-4BB2-94F5-32CE7BAA7889}.Release|Any CPU.ActiveCfg = Release|Any CPU
		{73163FC7-2F4A-4BB2-94F5-32CE7BAA7889}.Release|Any CPU.Build.0 = Release|Any CPU
		{3FD2EB16-B99E-47DE-A3B1-AB3BEEEA47A7}.Debug|Any CPU.ActiveCfg = Debug|Any CPU
		{3FD2EB16-B99E-47DE-A3B1-AB3BEEEA47A7}.Debug|Any CPU.Build.0 = Debug|Any CPU
		{3FD2EB16-B99E-47DE-A3B1-AB3BEEEA47A7}.Release|Any CPU.ActiveCfg = Release|Any CPU
		{3FD2EB16-B99E-47DE-A3B1-AB3BEEEA47A7}.Release|Any CPU.Build.0 = Release|Any CPU
		{DBAD12E9-5094-4207-88B2-867E45F0399F}.Debug|Any CPU.ActiveCfg = Debug|Any CPU
		{DBAD12E9-5094-4207-88B2-867E45F0399F}.Debug|Any CPU.Build.0 = Debug|Any CPU
		{DBAD12E9-5094-4207-88B2-867E45F0399F}.Release|Any CPU.ActiveCfg = Release|Any CPU
		{DBAD12E9-5094-4207-88B2-867E45F0399F}.Release|Any CPU.Build.0 = Release|Any CPU
		{86B21657-90C5-4073-9B11-83DE31B93320}.Debug|Any CPU.ActiveCfg = Debug|Any CPU
		{86B21657-90C5-4073-9B11-83DE31B93320}.Debug|Any CPU.Build.0 = Debug|Any CPU
		{86B21657-90C5-4073-9B11-83DE31B93320}.Release|Any CPU.ActiveCfg = Release|Any CPU
		{86B21657-90C5-4073-9B11-83DE31B93320}.Release|Any CPU.Build.0 = Release|Any CPU
		{AB28A8F1-0D15-4E57-B272-4712435BC1D4}.Debug|Any CPU.ActiveCfg = Debug|Any CPU
		{AB28A8F1-0D15-4E57-B272-4712435BC1D4}.Debug|Any CPU.Build.0 = Debug|Any CPU
		{AB28A8F1-0D15-4E57-B272-4712435BC1D4}.Release|Any CPU.ActiveCfg = Release|Any CPU
		{AB28A8F1-0D15-4E57-B272-4712435BC1D4}.Release|Any CPU.Build.0 = Release|Any CPU
		{6C036AE2-3629-4856-914A-9D724C45F691}.Debug|Any CPU.ActiveCfg = Debug|Any CPU
		{6C036AE2-3629-4856-914A-9D724C45F691}.Debug|Any CPU.Build.0 = Debug|Any CPU
		{6C036AE2-3629-4856-914A-9D724C45F691}.Release|Any CPU.ActiveCfg = Release|Any CPU
		{6C036AE2-3629-4856-914A-9D724C45F691}.Release|Any CPU.Build.0 = Release|Any CPU
	EndGlobalSection
	GlobalSection(SolutionProperties) = preSolution
		HideSolutionNode = FALSE
	EndGlobalSection
	GlobalSection(NestedProjects) = preSolution
		{57AC08C4-BF2E-41EA-A179-88C375D6D2BF} = {90A66FBD-A29E-45EB-87E9-CF180319474A}
		{0D43FC69-1C02-4289-84EC-1CFDDE415FAE} = {9B1F39CB-D80C-4267-96ED-122F5C24D20F}
		{EEBD1F1F-3DCD-4329-87BE-AC4C7DF19348} = {18F9E736-69E0-4D87-A0F6-2308020BB1AE}
		{4F722223-AC4D-4085-A348-6942A2650F54} = {5555E47C-6247-48B7-B99A-6811E40E337A}
		{ECA8641B-DDB9-481A-BF78-76FB5A8E1DE3} = {18F9E736-69E0-4D87-A0F6-2308020BB1AE}
		{D7B3F2F3-86A9-4196-A050-BE22F530BBF4} = {18F9E736-69E0-4D87-A0F6-2308020BB1AE}
		{9B69D6EB-AFDB-47E3-816C-67EEA53B7784} = {18F9E736-69E0-4D87-A0F6-2308020BB1AE}
		{A0BEDC3E-2B61-4027-BD4B-FDAB0DF38659} = {18F9E736-69E0-4D87-A0F6-2308020BB1AE}
		{37465B25-C1D4-4186-91EE-F8DA8BAD381F} = {C830E6A6-0C2E-452F-942D-169D96411699}
		{40D9086B-9808-423D-973D-F0005EA5F361} = {4881DC0A-A9C0-4875-B752-44205F28B1F8}
		{5A7CC1A8-74C0-49F8-968B-514FFD44F9F7} = {28851D91-8EBC-49AB-A874-2F4FC3F0A118}
		{74DAF2BC-771A-4AB1-B0A8-684A8B7C8B87} = {E835D155-6F55-4068-8BBC-BA838BBABFD8}
		{6C73578A-19D9-46C6-8C0F-F104108DE47A} = {E835D155-6F55-4068-8BBC-BA838BBABFD8}
		{6FB8EFF3-A36C-49C1-8B07-FBDC336209A4} = {243E6D41-CC02-410B-9442-3BD60541242E}
		{73163FC7-2F4A-4BB2-94F5-32CE7BAA7889} = {E835D155-6F55-4068-8BBC-BA838BBABFD8}
		{3FD2EB16-B99E-47DE-A3B1-AB3BEEEA47A7} = {E835D155-6F55-4068-8BBC-BA838BBABFD8}
		{DBAD12E9-5094-4207-88B2-867E45F0399F} = {C830E6A6-0C2E-452F-942D-169D96411699}
		{86B21657-90C5-4073-9B11-83DE31B93320} = {243E6D41-CC02-410B-9442-3BD60541242E}
		{AB28A8F1-0D15-4E57-B272-4712435BC1D4} = {5555E47C-6247-48B7-B99A-6811E40E337A}
		{6C036AE2-3629-4856-914A-9D724C45F691} = {243E6D41-CC02-410B-9442-3BD60541242E}
	EndGlobalSection
	GlobalSection(ExtensibilityGlobals) = postSolution
		SolutionGuid = {89E2C04D-C976-481B-8A8F-BBCE924EEC49}
	EndGlobalSection
EndGlobal
