
Microsoft Visual Studio Solution File, Format Version 12.00
# Visual Studio 15
VisualStudioVersion = 15.0.27130.2036
MinimumVisualStudioVersion = 10.0.40219.1
Project("{FAE04EC0-301F-11D3-BF4B-00C04F79EFBC}") = "WebAPI", "WebAPI\WebAPI.csproj", "{57AC08C4-BF2E-41EA-A179-88C375D6D2BF}"
	ProjectSection(ProjectDependencies) = postProject
		{C6BBF70B-468E-4EF2-A4FA-4028212343A1} = {C6BBF70B-468E-4EF2-A4FA-4028212343A1}
		{F778D22C-042F-4535-A9E1-10BFB9E23A7F} = {F778D22C-042F-4535-A9E1-10BFB9E23A7F}
		{766EED44-F19D-4BA4-AE75-FFD666D48066} = {766EED44-F19D-4BA4-AE75-FFD666D48066}
		{06F3A647-D026-4847-94A5-20643223CC96} = {06F3A647-D026-4847-94A5-20643223CC96}
		{7264576F-0E49-4B34-8D91-9F43EEADD777} = {7264576F-0E49-4B34-8D91-9F43EEADD777}
		{B3539DA2-9C83-47F4-BE30-DF49F932BF20} = {B3539DA2-9C83-47F4-BE30-DF49F932BF20}
		{8FD45DE8-ADFA-4705-9E6F-DA5A748C5C30} = {8FD45DE8-ADFA-4705-9E6F-DA5A748C5C30}
	EndProjectSection
EndProject
Project("{FAE04EC0-301F-11D3-BF4B-00C04F79EFBC}") = "WangJun.Utility", "..\..\WangJun2017\WangJun.Utility\WangJun.Utility.csproj", "{DDC51285-3F85-4D6D-A10B-F835B9C5058A}"
EndProject
Project("{FAE04EC0-301F-11D3-BF4B-00C04F79EFBC}") = "WangJun.HumanResource", "..\..\WangJun2017\WangJun.HumanResource\WangJun.HumanResource.csproj", "{06F3A647-D026-4847-94A5-20643223CC96}"
EndProject
Project("{FAE04EC0-301F-11D3-BF4B-00C04F79EFBC}") = "WangJun.DB", "..\..\WangJun2017\WangJun.DB\WangJun.DB.csproj", "{AF918729-03E8-443F-BD76-79BC604E286E}"
EndProject
Project("{FAE04EC0-301F-11D3-BF4B-00C04F79EFBC}") = "WangJun.Entity", "..\..\WangJun2017\WangJun.Entity\WangJun.Entity.csproj", "{41FE0A71-2098-483A-8E1B-ED4BEBB4DD72}"
EndProject
Project("{FAE04EC0-301F-11D3-BF4B-00C04F79EFBC}") = "WebDesktop40", "WebDesktop40\WebDesktop40.csproj", "{0D43FC69-1C02-4289-84EC-1CFDDE415FAE}"
EndProject
Project("{FAE04EC0-301F-11D3-BF4B-00C04F79EFBC}") = "WangJun.YunNote", "WangJun.YunNote\WangJun.YunNote.csproj", "{766EED44-F19D-4BA4-AE75-FFD666D48066}"
EndProject
Project("{FAE04EC0-301F-11D3-BF4B-00C04F79EFBC}") = "WangJun.YunProject", "WangJun.YunProject\WangJun.YunProject.csproj", "{8FD45DE8-ADFA-4705-9E6F-DA5A748C5C30}"
EndProject
Project("{FAE04EC0-301F-11D3-BF4B-00C04F79EFBC}") = "WangJun.YunPan", "WangJun.YunPan\WangJun.YunPan.csproj", "{7264576F-0E49-4B34-8D91-9F43EEADD777}"
EndProject
Project("{FAE04EC0-301F-11D3-BF4B-00C04F79EFBC}") = "WangJun.Config", "WangJun.Config\WangJun.Config.csproj", "{EEBD1F1F-3DCD-4329-87BE-AC4C7DF19348}"
EndProject
Project("{2150E333-8FDC-42A3-9474-1A3956D46DE8}") = "业务", "业务", "{5555E47C-6247-48B7-B99A-6811E40E337A}"
EndProject
Project("{2150E333-8FDC-42A3-9474-1A3956D46DE8}") = "基础服务", "基础服务", "{18F9E736-69E0-4D87-A0F6-2308020BB1AE}"
EndProject
Project("{2150E333-8FDC-42A3-9474-1A3956D46DE8}") = "界面", "界面", "{9B1F39CB-D80C-4267-96ED-122F5C24D20F}"
EndProject
Project("{2150E333-8FDC-42A3-9474-1A3956D46DE8}") = "Web接口", "Web接口", "{90A66FBD-A29E-45EB-87E9-CF180319474A}"
EndProject
Project("{FAE04EC0-301F-11D3-BF4B-00C04F79EFBC}") = "WangJun.Net", "..\..\WangJun2017\WangJun.Net\WangJun.Net.csproj", "{952A70F6-06A9-405A-A3E6-62B24C218DAF}"
EndProject
Project("{FAE04EC0-301F-11D3-BF4B-00C04F79EFBC}") = "WangJun.YunDoc", "..\..\WangJun2017\WangJun.YunDoc\WangJun.YunDoc.csproj", "{F778D22C-042F-4535-A9E1-10BFB9E23A7F}"
EndProject
Project("{FAE04EC0-301F-11D3-BF4B-00C04F79EFBC}") = "WangJun.YunNews", "WangJun.YunNews\WangJun.YunNews.csproj", "{B3539DA2-9C83-47F4-BE30-DF49F932BF20}"
EndProject
Project("{FAE04EC0-301F-11D3-BF4B-00C04F79EFBC}") = "WangJun.YunQun", "WangJun.YunQun\WangJun.YunQun.csproj", "{C6BBF70B-468E-4EF2-A4FA-4028212343A1}"
EndProject
Project("{FAE04EC0-301F-11D3-BF4B-00C04F79EFBC}") = "WangJun.Admin", "WangJun.Admin\WangJun.Admin.csproj", "{4F722223-AC4D-4085-A348-6942A2650F54}"
EndProject
Global
	GlobalSection(SolutionConfigurationPlatforms) = preSolution
		Debug|Any CPU = Debug|Any CPU
		Release|Any CPU = Release|Any CPU
	EndGlobalSection
	GlobalSection(ProjectConfigurationPlatforms) = postSolution
		{57AC08C4-BF2E-41EA-A179-88C375D6D2BF}.Debug|Any CPU.ActiveCfg = Debug|Any CPU
		{57AC08C4-BF2E-41EA-A179-88C375D6D2BF}.Debug|Any CPU.Build.0 = Debug|Any CPU
		{57AC08C4-BF2E-41EA-A179-88C375D6D2BF}.Release|Any CPU.ActiveCfg = Release|Any CPU
		{57AC08C4-BF2E-41EA-A179-88C375D6D2BF}.Release|Any CPU.Build.0 = Release|Any CPU
		{DDC51285-3F85-4D6D-A10B-F835B9C5058A}.Debug|Any CPU.ActiveCfg = Debug|Any CPU
		{DDC51285-3F85-4D6D-A10B-F835B9C5058A}.Debug|Any CPU.Build.0 = Debug|Any CPU
		{DDC51285-3F85-4D6D-A10B-F835B9C5058A}.Release|Any CPU.ActiveCfg = Release|Any CPU
		{DDC51285-3F85-4D6D-A10B-F835B9C5058A}.Release|Any CPU.Build.0 = Release|Any CPU
		{06F3A647-D026-4847-94A5-20643223CC96}.Debug|Any CPU.ActiveCfg = Debug|Any CPU
		{06F3A647-D026-4847-94A5-20643223CC96}.Debug|Any CPU.Build.0 = Debug|Any CPU
		{06F3A647-D026-4847-94A5-20643223CC96}.Release|Any CPU.ActiveCfg = Release|Any CPU
		{06F3A647-D026-4847-94A5-20643223CC96}.Release|Any CPU.Build.0 = Release|Any CPU
		{AF918729-03E8-443F-BD76-79BC604E286E}.Debug|Any CPU.ActiveCfg = Debug|Any CPU
		{AF918729-03E8-443F-BD76-79BC604E286E}.Debug|Any CPU.Build.0 = Debug|Any CPU
		{AF918729-03E8-443F-BD76-79BC604E286E}.Release|Any CPU.ActiveCfg = Release|Any CPU
		{AF918729-03E8-443F-BD76-79BC604E286E}.Release|Any CPU.Build.0 = Release|Any CPU
		{41FE0A71-2098-483A-8E1B-ED4BEBB4DD72}.Debug|Any CPU.ActiveCfg = Debug|Any CPU
		{41FE0A71-2098-483A-8E1B-ED4BEBB4DD72}.Debug|Any CPU.Build.0 = Debug|Any CPU
		{41FE0A71-2098-483A-8E1B-ED4BEBB4DD72}.Release|Any CPU.ActiveCfg = Release|Any CPU
		{41FE0A71-2098-483A-8E1B-ED4BEBB4DD72}.Release|Any CPU.Build.0 = Release|Any CPU
		{0D43FC69-1C02-4289-84EC-1CFDDE415FAE}.Debug|Any CPU.ActiveCfg = Debug|Any CPU
		{0D43FC69-1C02-4289-84EC-1CFDDE415FAE}.Debug|Any CPU.Build.0 = Debug|Any CPU
		{0D43FC69-1C02-4289-84EC-1CFDDE415FAE}.Release|Any CPU.ActiveCfg = Release|Any CPU
		{0D43FC69-1C02-4289-84EC-1CFDDE415FAE}.Release|Any CPU.Build.0 = Release|Any CPU
		{766EED44-F19D-4BA4-AE75-FFD666D48066}.Debug|Any CPU.ActiveCfg = Debug|Any CPU
		{766EED44-F19D-4BA4-AE75-FFD666D48066}.Debug|Any CPU.Build.0 = Debug|Any CPU
		{766EED44-F19D-4BA4-AE75-FFD666D48066}.Release|Any CPU.ActiveCfg = Release|Any CPU
		{766EED44-F19D-4BA4-AE75-FFD666D48066}.Release|Any CPU.Build.0 = Release|Any CPU
		{8FD45DE8-ADFA-4705-9E6F-DA5A748C5C30}.Debug|Any CPU.ActiveCfg = Debug|Any CPU
		{8FD45DE8-ADFA-4705-9E6F-DA5A748C5C30}.Debug|Any CPU.Build.0 = Debug|Any CPU
		{8FD45DE8-ADFA-4705-9E6F-DA5A748C5C30}.Release|Any CPU.ActiveCfg = Release|Any CPU
		{8FD45DE8-ADFA-4705-9E6F-DA5A748C5C30}.Release|Any CPU.Build.0 = Release|Any CPU
		{7264576F-0E49-4B34-8D91-9F43EEADD777}.Debug|Any CPU.ActiveCfg = Debug|Any CPU
		{7264576F-0E49-4B34-8D91-9F43EEADD777}.Debug|Any CPU.Build.0 = Debug|Any CPU
		{7264576F-0E49-4B34-8D91-9F43EEADD777}.Release|Any CPU.ActiveCfg = Release|Any CPU
		{7264576F-0E49-4B34-8D91-9F43EEADD777}.Release|Any CPU.Build.0 = Release|Any CPU
		{EEBD1F1F-3DCD-4329-87BE-AC4C7DF19348}.Debug|Any CPU.ActiveCfg = Debug|Any CPU
		{EEBD1F1F-3DCD-4329-87BE-AC4C7DF19348}.Debug|Any CPU.Build.0 = Debug|Any CPU
		{EEBD1F1F-3DCD-4329-87BE-AC4C7DF19348}.Release|Any CPU.ActiveCfg = Release|Any CPU
		{EEBD1F1F-3DCD-4329-87BE-AC4C7DF19348}.Release|Any CPU.Build.0 = Release|Any CPU
		{952A70F6-06A9-405A-A3E6-62B24C218DAF}.Debug|Any CPU.ActiveCfg = Debug|Any CPU
		{952A70F6-06A9-405A-A3E6-62B24C218DAF}.Debug|Any CPU.Build.0 = Debug|Any CPU
		{952A70F6-06A9-405A-A3E6-62B24C218DAF}.Release|Any CPU.ActiveCfg = Release|Any CPU
		{952A70F6-06A9-405A-A3E6-62B24C218DAF}.Release|Any CPU.Build.0 = Release|Any CPU
		{F778D22C-042F-4535-A9E1-10BFB9E23A7F}.Debug|Any CPU.ActiveCfg = Debug|Any CPU
		{F778D22C-042F-4535-A9E1-10BFB9E23A7F}.Debug|Any CPU.Build.0 = Debug|Any CPU
		{F778D22C-042F-4535-A9E1-10BFB9E23A7F}.Release|Any CPU.ActiveCfg = Release|Any CPU
		{F778D22C-042F-4535-A9E1-10BFB9E23A7F}.Release|Any CPU.Build.0 = Release|Any CPU
		{B3539DA2-9C83-47F4-BE30-DF49F932BF20}.Debug|Any CPU.ActiveCfg = Debug|Any CPU
		{B3539DA2-9C83-47F4-BE30-DF49F932BF20}.Debug|Any CPU.Build.0 = Debug|Any CPU
		{B3539DA2-9C83-47F4-BE30-DF49F932BF20}.Release|Any CPU.ActiveCfg = Release|Any CPU
		{B3539DA2-9C83-47F4-BE30-DF49F932BF20}.Release|Any CPU.Build.0 = Release|Any CPU
		{C6BBF70B-468E-4EF2-A4FA-4028212343A1}.Debug|Any CPU.ActiveCfg = Debug|Any CPU
		{C6BBF70B-468E-4EF2-A4FA-4028212343A1}.Debug|Any CPU.Build.0 = Debug|Any CPU
		{C6BBF70B-468E-4EF2-A4FA-4028212343A1}.Release|Any CPU.ActiveCfg = Release|Any CPU
		{C6BBF70B-468E-4EF2-A4FA-4028212343A1}.Release|Any CPU.Build.0 = Release|Any CPU
		{4F722223-AC4D-4085-A348-6942A2650F54}.Debug|Any CPU.ActiveCfg = Debug|Any CPU
		{4F722223-AC4D-4085-A348-6942A2650F54}.Debug|Any CPU.Build.0 = Debug|Any CPU
		{4F722223-AC4D-4085-A348-6942A2650F54}.Release|Any CPU.ActiveCfg = Release|Any CPU
		{4F722223-AC4D-4085-A348-6942A2650F54}.Release|Any CPU.Build.0 = Release|Any CPU
	EndGlobalSection
	GlobalSection(SolutionProperties) = preSolution
		HideSolutionNode = FALSE
	EndGlobalSection
	GlobalSection(NestedProjects) = preSolution
		{57AC08C4-BF2E-41EA-A179-88C375D6D2BF} = {90A66FBD-A29E-45EB-87E9-CF180319474A}
		{DDC51285-3F85-4D6D-A10B-F835B9C5058A} = {18F9E736-69E0-4D87-A0F6-2308020BB1AE}
		{06F3A647-D026-4847-94A5-20643223CC96} = {5555E47C-6247-48B7-B99A-6811E40E337A}
		{AF918729-03E8-443F-BD76-79BC604E286E} = {18F9E736-69E0-4D87-A0F6-2308020BB1AE}
		{41FE0A71-2098-483A-8E1B-ED4BEBB4DD72} = {18F9E736-69E0-4D87-A0F6-2308020BB1AE}
		{0D43FC69-1C02-4289-84EC-1CFDDE415FAE} = {9B1F39CB-D80C-4267-96ED-122F5C24D20F}
		{766EED44-F19D-4BA4-AE75-FFD666D48066} = {5555E47C-6247-48B7-B99A-6811E40E337A}
		{8FD45DE8-ADFA-4705-9E6F-DA5A748C5C30} = {5555E47C-6247-48B7-B99A-6811E40E337A}
		{7264576F-0E49-4B34-8D91-9F43EEADD777} = {5555E47C-6247-48B7-B99A-6811E40E337A}
		{EEBD1F1F-3DCD-4329-87BE-AC4C7DF19348} = {18F9E736-69E0-4D87-A0F6-2308020BB1AE}
		{952A70F6-06A9-405A-A3E6-62B24C218DAF} = {18F9E736-69E0-4D87-A0F6-2308020BB1AE}
		{F778D22C-042F-4535-A9E1-10BFB9E23A7F} = {5555E47C-6247-48B7-B99A-6811E40E337A}
		{B3539DA2-9C83-47F4-BE30-DF49F932BF20} = {5555E47C-6247-48B7-B99A-6811E40E337A}
		{C6BBF70B-468E-4EF2-A4FA-4028212343A1} = {5555E47C-6247-48B7-B99A-6811E40E337A}
		{4F722223-AC4D-4085-A348-6942A2650F54} = {5555E47C-6247-48B7-B99A-6811E40E337A}
	EndGlobalSection
	GlobalSection(ExtensibilityGlobals) = postSolution
		SolutionGuid = {89E2C04D-C976-481B-8A8F-BBCE924EEC49}
	EndGlobalSection
EndGlobal
